
Microsoft Visual Studio Solution File, Format Version 12.00
# Visual Studio 15
VisualStudioVersion = 15.0.27703.2047
MinimumVisualStudioVersion = 10.0.40219.1
Project("{FAE04EC0-301F-11D3-BF4B-00C04F79EFBC}") = "Manufatura", "Manufatura\Manufatura.csproj", "{B1C81D36-DCAC-437B-B6D1-8F3F5981D626}"
EndProject
Global
	GlobalSection(SolutionConfigurationPlatforms) = preSolution
		Debug|Any CPU = Debug|Any CPU
		Release|Any CPU = Release|Any CPU
	EndGlobalSection
	GlobalSection(ProjectConfigurationPlatforms) = postSolution
		{B1C81D36-DCAC-437B-B6D1-8F3F5981D626}.Debug|Any CPU.ActiveCfg = Debug|Any CPU
		{B1C81D36-DCAC-437B-B6D1-8F3F5981D626}.Debug|Any CPU.Build.0 = Debug|Any CPU
		{B1C81D36-DCAC-437B-B6D1-8F3F5981D626}.Debug|Any CPU.Deploy.0 = Debug|Any CPU
		{B1C81D36-DCAC-437B-B6D1-8F3F5981D626}.Release|Any CPU.ActiveCfg = Release|Any CPU
		{B1C81D36-DCAC-437B-B6D1-8F3F5981D626}.Release|Any CPU.Build.0 = Release|Any CPU
		{B1C81D36-DCAC-437B-B6D1-8F3F5981D626}.Release|Any CPU.Deploy.0 = Release|Any CPU
	EndGlobalSection
	GlobalSection(SolutionProperties) = preSolution
		HideSolutionNode = FALSE
	EndGlobalSection
	GlobalSection(ExtensibilityGlobals) = postSolution
		SolutionGuid = {2E6199F3-E2EB-4CA3-8AD7-5FC5C65BDBAB}
	EndGlobalSection
EndGlobal
